<?xml version="1.0" encoding="UTF-8"?>
<Scheme
   version = "1.3">
   <BuildAction>
      <BuildActionEntries>
         <BuildActionEntry
            buildForRunning = "YES"
            buildForTesting = "YES">
            <BuildableReference
               BuildableIdentifier = "primary"
               BlueprintIdentifier = "A9BC325616F66279005C6AD8"
               BuildableName = "ASBinaryHeapTests.octest"
               BlueprintName = "ASBinaryHeapTests"
               ReferencedContainer = "container:ASBinaryHeap.xcodeproj">
            </BuildableReference>
         </BuildActionEntry>
      </BuildActionEntries>
   </BuildAction>
   <TestAction
      buildConfiguration = "Debug">
      <Testables>
         <TestableReference>
            <BuildableReference
               BuildableIdentifier = "primary"
               BlueprintIdentifier = "A9BC325616F66279005C6AD8"
               BuildableName = "ASBinaryHeapTests.octest"
               BlueprintName = "ASBinaryHeapTests"
               ReferencedContainer = "container:ASBinaryHeap.xcodeproj">
            </BuildableReference>
         </TestableReference>
      </Testables>
   </TestAction>
   <LaunchAction
      useCustomWorkingDirectory = "NO">
   </LaunchAction>
</Scheme>
